<?xml version="1.0" encoding="utf-8"?>
<Project ToolsVersion="4.0" xmlns="http://schemas.microsoft.com/developer/msbuild/2003">
  <ItemGroup>
    <Filter Include="main">
      <UniqueIdentifier>{7a95ea9d-f6ab-46a7-94d3-cf0dceb44866}</UniqueIdentifier>
    </Filter>
    <Filter Include="Главный процесс">
      <UniqueIdentifier>{128e08fa-f7f0-49e5-8533-1d99948ec300}</UniqueIdentifier>
    </Filter>
    <Filter Include="Строительные блоки">
      <UniqueIdentifier>{c6c85d0f-5412-4b9a-bb41-1aaff783577f}</UniqueIdentifier>
    </Filter>
  </ItemGroup>
  <ItemGroup>
    <ClCompile Include="main.cpp">
      <Filter>main</Filter>
    </ClCompile>
    <ClCompile Include="CloseButton.cpp">
      <Filter>main</Filter>
    </ClCompile>
    <ClCompile Include="WrapButton.cpp">
      <Filter>main</Filter>
    </ClCompile>
    <ClCompile Include="MainProcess.cpp">
      <Filter>Главный процесс</Filter>
    </ClCompile>
    <ClCompile Include="Panel.cpp">
      <Filter>Строительные блоки</Filter>
    </ClCompile>
    <ClCompile Include="Object.cpp">
      <Filter>Строительные блоки</Filter>
    </ClCompile>
    <ClCompile Include="TextureHandler.cpp">
      <Filter>Строительные блоки</Filter>
    </ClCompile>
    <ClCompile Include="PressButtonGroup.cpp">
      <Filter>Строительные блоки</Filter>
    </ClCompile>
    <ClCompile Include="LeftPanel.cpp">
      <Filter>Главный процесс</Filter>
    </ClCompile>
    <ClCompile Include="Button.cpp">
      <Filter>Строительные блоки</Filter>
    </ClCompile>
    <ClCompile Include="MouseHighlight.cpp">
      <Filter>Строительные блоки</Filter>
    </ClCompile>
  </ItemGroup>
  <ItemGroup>
    <ClInclude Include="CloseButton.hpp">
      <Filter>main</Filter>
    </ClInclude>
    <ClInclude Include="WrapButton.hpp">
      <Filter>main</Filter>
    </ClInclude>
    <ClInclude Include="EnumProcesses.hpp">
      <Filter>main</Filter>
    </ClInclude>
    <ClInclude Include="MainProcess.hpp">
      <Filter>Главный процесс</Filter>
    </ClInclude>
    <ClInclude Include="Button.hpp">
      <Filter>Строительные блоки</Filter>
    </ClInclude>
    <ClInclude Include="LeftPanel.hpp">
      <Filter>Главный процесс</Filter>
    </ClInclude>
    <ClInclude Include="Object.hpp">
      <Filter>Строительные блоки</Filter>
    </ClInclude>
    <ClInclude Include="Panel.hpp">
      <Filter>Строительные блоки</Filter>
    </ClInclude>
    <ClInclude Include="PressButtonGroup.hpp">
      <Filter>Строительные блоки</Filter>
    </ClInclude>
    <ClInclude Include="TextureHandler.hpp">
      <Filter>Строительные блоки</Filter>
    </ClInclude>
    <ClInclude Include="draw_states.hpp">
      <Filter>Главный процесс</Filter>
    </ClInclude>
    <ClInclude Include="MouseHighlight.hpp">
      <Filter>Строительные блоки</Filter>
    </ClInclude>
  </ItemGroup>
</Project>